<?xml version="1.0" encoding="utf-8"?>
<Project ToolsVersion="4.0" xmlns="http://schemas.microsoft.com/developer/msbuild/2003">
  <ItemGroup>
    <ClCompile Include="Server.cpp" />
    <ClCompile Include="ThreadOperations.cpp">
      <Filter>SourceFiles</Filter>
    </ClCompile>
    <ClCompile Include="ListOperations.cpp">
      <Filter>SourceFiles</Filter>
    </ClCompile>
    <ClCompile Include="QueueOperations.cpp">
      <Filter>SourceFiles</Filter>
    </ClCompile>
  </ItemGroup>
  <ItemGroup>
    <Filter Include="SourceFiles">
      <UniqueIdentifier>{3c6de4f3-13ac-436c-888e-627f6629ca6b}</UniqueIdentifier>
    </Filter>
    <Filter Include="HeaderFiles">
      <UniqueIdentifier>{61de60bb-6d71-47ab-9bd4-c4d3ab9a1f22}</UniqueIdentifier>
    </Filter>
  </ItemGroup>
  <ItemGroup>
    <ClInclude Include="Structures.h">
      <Filter>HeaderFiles</Filter>
    </ClInclude>
    <ClInclude Include="ListOperations.h">
      <Filter>HeaderFiles</Filter>
    </ClInclude>
    <ClInclude Include="ThreadOperations.h">
      <Filter>HeaderFiles</Filter>
    </ClInclude>
    <ClInclude Include="QueueOperations.h">
      <Filter>HeaderFiles</Filter>
    </ClInclude>
  </ItemGroup>
</Project>